
Microsoft Visual Studio Solution File, Format Version 12.00
# Visual Studio Version 16
VisualStudioVersion = 16.0.31229.75
MinimumVisualStudioVersion = 10.0.40219.1
Project("{FAE04EC0-301F-11D3-BF4B-00C04F79EFBC}") = "OnlineStoreApi", "OnlineStoreApi.csproj", "{A816E1CC-703E-4DC4-855A-227960EF71EE}"
EndProject
Global
	GlobalSection(SolutionConfigurationPlatforms) = preSolution
		Debug|Any CPU = Debug|Any CPU
		Release|Any CPU = Release|Any CPU
	EndGlobalSection
	GlobalSection(ProjectConfigurationPlatforms) = postSolution
		{A816E1CC-703E-4DC4-855A-227960EF71EE}.Debug|Any CPU.ActiveCfg = Debug|Any CPU
		{A816E1CC-703E-4DC4-855A-227960EF71EE}.Debug|Any CPU.Build.0 = Debug|Any CPU
		{A816E1CC-703E-4DC4-855A-227960EF71EE}.Release|Any CPU.ActiveCfg = Release|Any CPU
		{A816E1CC-703E-4DC4-855A-227960EF71EE}.Release|Any CPU.Build.0 = Release|Any CPU
	EndGlobalSection
	GlobalSection(SolutionProperties) = preSolution
		HideSolutionNode = FALSE
	EndGlobalSection
	GlobalSection(ExtensibilityGlobals) = postSolution
		SolutionGuid = {778F9E06-F8C7-41E4-ABAB-D4B291F07811}
	EndGlobalSection
EndGlobal
